<?xml version="1.0" encoding="utf-8"?>
<Project ToolsVersion="4.0" xmlns="http://schemas.microsoft.com/developer/msbuild/2003">
  <ItemGroup>
    <ClCompile Include="AnimScene.cpp" />
    <ClCompile Include="AttackCheck.cpp" />
    <ClCompile Include="BlackOut.cpp" />
    <ClCompile Include="Cage.cpp" />
    <ClCompile Include="CageDoor.cpp" />
    <ClCompile Include="Camera.cpp" />
    <ClCompile Include="Dynamite.cpp" />
    <ClCompile Include="EndScene.cpp" />
    <ClCompile Include="Enemy.cpp" />
    <ClCompile Include="FallingFloor.cpp" />
    <ClCompile Include="FallingRock.cpp" />
    <ClCompile Include="fps.cpp" />
    <ClCompile Include="FragileWall.cpp" />
    <ClCompile Include="GameClearScene.cpp" />
    <ClCompile Include="GameMainScene.cpp" />
    <ClCompile Include="GameOverScene.cpp" />
    <ClCompile Include="Gem.cpp" />
    <ClCompile Include="EndCreditsScene.cpp" />
    <ClCompile Include="Geyser.cpp" />
    <ClCompile Include="Lift.cpp" />
    <ClCompile Include="Magma.cpp" />
    <ClCompile Include="Main.cpp" />
    <ClCompile Include="MapIo.cpp" />
    <ClCompile Include="Player.cpp" />
    <ClCompile Include="RollingEnemy.cpp" />
    <ClCompile Include="SceneManager.cpp" />
    <ClCompile Include="Score.cpp" />
    <ClCompile Include="StageBlock.cpp" />
    <ClCompile Include="Switch.cpp" />
    <ClCompile Include="TestStageScene.cpp" />
    <ClCompile Include="TitleScene.cpp" />
    <ClCompile Include="UI.cpp" />
  </ItemGroup>
  <ItemGroup>
    <ClInclude Include="AbstractScene.h" />
    <ClInclude Include="AnimScene.h" />
    <ClInclude Include="AttackCheck.h" />
    <ClInclude Include="BlackOut.h" />
    <ClInclude Include="Cage.h" />
    <ClInclude Include="CageDoor.h" />
    <ClInclude Include="Define.h" />
    <ClInclude Include="EndScene.h" />
    <ClInclude Include="FallingFloor.h" />
    <ClInclude Include="FallingRock.h" />
    <ClInclude Include="FragileWall.h" />
    <ClInclude Include="GameClearScene.h" />
    <ClInclude Include="GameOverScene.h" />
    <ClInclude Include="Gem.h" />
    <ClInclude Include="Dynamite.h" />
    <ClInclude Include="EndCreditsScene.h" />
    <ClInclude Include="Geyser.h" />
    <ClInclude Include="Lift.h" />
    <ClInclude Include="Magma.h" />
    <ClInclude Include="ObjectBase.h" />
    <ClInclude Include="Camera.h" />
    <ClInclude Include="CharacterBase.h" />
    <ClInclude Include="Enemy.h" />
    <ClInclude Include="fps.h" />
    <ClInclude Include="GameMainScene.h" />
    <ClInclude Include="MapIo.h" />
    <ClInclude Include="padinput.h" />
    <ClInclude Include="Player.h" />
    <ClInclude Include="RollingEnemy.h" />
    <ClInclude Include="SceneManager.h" />
    <ClInclude Include="Score.h" />
    <ClInclude Include="StageBlock.h" />
    <ClInclude Include="Switch.h" />
    <ClInclude Include="TestStageScene.h" />
    <ClInclude Include="TitleScene.h" />
    <ClInclude Include="UI.h" />
    <ClInclude Include="Vec2I.h" />
  </ItemGroup>
</Project>